// !$*UTF8*$!
{
	archiveVersion = 1;
	classes = {
	};
	objectVersion = 46;
	objects = {

/* Begin PBXBuildFile section */
		A4C3C5ED6E2CDEBFB49C90B0 /* Pods_TSG_fireFun.framework in Frameworks */ = {isa = PBXBuildFile; fileRef = 4C97AF1152EA295325904A8F /* Pods_TSG_fireFun.framework */; };
		B642630D1EE3D7D3003BC454 /* AppDelegate.swift in Sources */ = {isa = PBXBuildFile; fileRef = B642630C1EE3D7D3003BC454 /* AppDelegate.swift */; };
		B642630F1EE3D7D3003BC454 /* ViewController.swift in Sources */ = {isa = PBXBuildFile; fileRef = B642630E1EE3D7D3003BC454 /* ViewController.swift */; };
		B64263121EE3D7D3003BC454 /* Main.storyboard in Resources */ = {isa = PBXBuildFile; fileRef = B64263101EE3D7D3003BC454 /* Main.storyboard */; };
		B64263141EE3D7D3003BC454 /* Assets.xcassets in Resources */ = {isa = PBXBuildFile; fileRef = B64263131EE3D7D3003BC454 /* Assets.xcassets */; };
		B64263171EE3D7D3003BC454 /* LaunchScreen.storyboard in Resources */ = {isa = PBXBuildFile; fileRef = B64263151EE3D7D3003BC454 /* LaunchScreen.storyboard */; };
		B66C2EAA1EED668D00155121 /* DesignableButton.swift in Sources */ = {isa = PBXBuildFile; fileRef = B66C2EA91EED668D00155121 /* DesignableButton.swift */; };
		B68826251EE3D8E70002F2D4 /* GoogleService-Info.plist in Resources */ = {isa = PBXBuildFile; fileRef = B68826241EE3D8E70002F2D4 /* GoogleService-Info.plist */; };
/* End PBXBuildFile section */

/* Begin PBXFileReference section */
		4C97AF1152EA295325904A8F /* Pods_TSG_fireFun.framework */ = {isa = PBXFileReference; explicitFileType = wrapper.framework; includeInIndex = 0; path = Pods_TSG_fireFun.framework; sourceTree = BUILT_PRODUCTS_DIR; };
		B64263091EE3D7D3003BC454 /* TSG_fireFun.app */ = {isa = PBXFileReference; explicitFileType = wrapper.application; includeInIndex = 0; path = TSG_fireFun.app; sourceTree = BUILT_PRODUCTS_DIR; };
		B642630C1EE3D7D3003BC454 /* AppDelegate.swift */ = {isa = PBXFileReference; lastKnownFileType = sourcecode.swift; path = AppDelegate.swift; sourceTree = "<group>"; };
		B642630E1EE3D7D3003BC454 /* ViewController.swift */ = {isa = PBXFileReference; lastKnownFileType = sourcecode.swift; path = ViewController.swift; sourceTree = "<group>"; };
		B64263111EE3D7D3003BC454 /* Base */ = {isa = PBXFileReference; lastKnownFileType = file.storyboard; name = Base; path = Base.lproj/Main.storyboard; sourceTree = "<group>"; };
		B64263131EE3D7D3003BC454 /* Assets.xcassets */ = {isa = PBXFileReference; lastKnownFileType = folder.assetcatalog; path = Assets.xcassets; sourceTree = "<group>"; };
		B64263161EE3D7D3003BC454 /* Base */ = {isa = PBXFileReference; lastKnownFileType = file.storyboard; name = Base; path = Base.lproj/LaunchScreen.storyboard; sourceTree = "<group>"; };
		B64263181EE3D7D3003BC454 /* Info.plist */ = {isa = PBXFileReference; lastKnownFileType = text.plist.xml; path = Info.plist; sourceTree = "<group>"; };
		B66C2EA91EED668D00155121 /* DesignableButton.swift */ = {isa = PBXFileReference; fileEncoding = 4; lastKnownFileType = sourcecode.swift; path = DesignableButton.swift; sourceTree = "<group>"; };
		B68826241EE3D8E70002F2D4 /* GoogleService-Info.plist */ = {isa = PBXFileReference; fileEncoding = 4; lastKnownFileType = text.plist.xml; path = "GoogleService-Info.plist"; sourceTree = "<group>"; };
		D4628170BB43FDADAB5C5CDE /* Pods-TSG_fireFun.release.xcconfig */ = {isa = PBXFileReference; includeInIndex = 1; lastKnownFileType = text.xcconfig; name = "Pods-TSG_fireFun.release.xcconfig"; path = "Pods/Target Support Files/Pods-TSG_fireFun/Pods-TSG_fireFun.release.xcconfig"; sourceTree = "<group>"; };
		FB076B8C467239565F2BC737 /* Pods-TSG_fireFun.debug.xcconfig */ = {isa = PBXFileReference; includeInIndex = 1; lastKnownFileType = text.xcconfig; name = "Pods-TSG_fireFun.debug.xcconfig"; path = "Pods/Target Support Files/Pods-TSG_fireFun/Pods-TSG_fireFun.debug.xcconfig"; sourceTree = "<group>"; };
/* End PBXFileReference section */

/* Begin PBXFrameworksBuildPhase section */
		B64263061EE3D7D3003BC454 /* Frameworks */ = {
			isa = PBXFrameworksBuildPhase;
			buildActionMask = 2147483647;
			files = (
				A4C3C5ED6E2CDEBFB49C90B0 /* Pods_TSG_fireFun.framework in Frameworks */,
			);
			runOnlyForDeploymentPostprocessing = 0;
		};
/* End PBXFrameworksBuildPhase section */

/* Begin PBXGroup section */
		B64263001EE3D7D3003BC454 = {
			isa = PBXGroup;
			children = (
				B642630B1EE3D7D3003BC454 /* TSG_fireFun */,
				B642630A1EE3D7D3003BC454 /* Products */,
				EF488444411A3AD559500E16 /* Pods */,
				E59BD95F1FAEFB2524D5A5BC /* Frameworks */,
			);
			sourceTree = "<group>";
		};
		B642630A1EE3D7D3003BC454 /* Products */ = {
			isa = PBXGroup;
			children = (
				B64263091EE3D7D3003BC454 /* TSG_fireFun.app */,
			);
			name = Products;
			sourceTree = "<group>";
		};
		B642630B1EE3D7D3003BC454 /* TSG_fireFun */ = {
			isa = PBXGroup;
			children = (
				B66C2EA81EED598600155121 /* IBDesignable */,
				B642630C1EE3D7D3003BC454 /* AppDelegate.swift */,
				B642630E1EE3D7D3003BC454 /* ViewController.swift */,
				B64263101EE3D7D3003BC454 /* Main.storyboard */,
				B64263131EE3D7D3003BC454 /* Assets.xcassets */,
				B64263151EE3D7D3003BC454 /* LaunchScreen.storyboard */,
				B64263181EE3D7D3003BC454 /* Info.plist */,
				B68826241EE3D8E70002F2D4 /* GoogleService-Info.plist */,
			);
			path = TSG_fireFun;
			sourceTree = "<group>";
		};
		B66C2EA81EED598600155121 /* IBDesignable */ = {
			isa = PBXGroup;
			children = (
				B66C2EA91EED668D00155121 /* DesignableButton.swift */,
			);
			name = IBDesignable;
			sourceTree = "<group>";
		};
		E59BD95F1FAEFB2524D5A5BC /* Frameworks */ = {
			isa = PBXGroup;
			children = (
				4C97AF1152EA295325904A8F /* Pods_TSG_fireFun.framework */,
			);
			name = Frameworks;
			sourceTree = "<group>";
		};
		EF488444411A3AD559500E16 /* Pods */ = {
			isa = PBXGroup;
			children = (
				FB076B8C467239565F2BC737 /* Pods-TSG_fireFun.debug.xcconfig */,
				D4628170BB43FDADAB5C5CDE /* Pods-TSG_fireFun.release.xcconfig */,
			);
			name = Pods;
			sourceTree = "<group>";
		};
/* End PBXGroup section */

/* Begin PBXNativeTarget section */
		B64263081EE3D7D3003BC454 /* TSG_fireFun */ = {
			isa = PBXNativeTarget;
			buildConfigurationList = B642631B1EE3D7D3003BC454 /* Build configuration list for PBXNativeTarget "TSG_fireFun" */;
			buildPhases = (
				DD12FC6C0A1ECD0006EC283F /* [CP] Check Pods Manifest.lock */,
				B64263051EE3D7D3003BC454 /* Sources */,
				B64263061EE3D7D3003BC454 /* Frameworks */,
				B64263071EE3D7D3003BC454 /* Resources */,
				ACB04089492D0EA25E0F2448 /* [CP] Embed Pods Frameworks */,
				2B26E3F09748AA0A926B98BE /* [CP] Copy Pods Resources */,
			);
			buildRules = (
			);
			dependencies = (
			);
			name = TSG_fireFun;
			productName = TSG_fireFun;
			productReference = B64263091EE3D7D3003BC454 /* TSG_fireFun.app */;
			productType = "com.apple.product-type.application";
		};
/* End PBXNativeTarget section */

/* Begin PBXProject section */
		B64263011EE3D7D3003BC454 /* Project object */ = {
			isa = PBXProject;
			attributes = {
				LastSwiftUpdateCheck = 0830;
				LastUpgradeCheck = 0830;
				ORGANIZATIONNAME = yuki;
				TargetAttributes = {
					B64263081EE3D7D3003BC454 = {
						CreatedOnToolsVersion = 8.3.2;
						DevelopmentTeam = LGG4PHM8YL;
						ProvisioningStyle = Automatic;
					};
				};
			};
			buildConfigurationList = B64263041EE3D7D3003BC454 /* Build configuration list for PBXProject "TSG_fireFun" */;
			compatibilityVersion = "Xcode 3.2";
			developmentRegion = English;
			hasScannedForEncodings = 0;
			knownRegions = (
				en,
				Base,
			);
			mainGroup = B64263001EE3D7D3003BC454;
			productRefGroup = B642630A1EE3D7D3003BC454 /* Products */;
			projectDirPath = "";
			projectRoot = "";
			targets = (
				B64263081EE3D7D3003BC454 /* TSG_fireFun */,
			);
		};
/* End PBXProject section */

/* Begin PBXResourcesBuildPhase section */
		B64263071EE3D7D3003BC454 /* Resources */ = {
			isa = PBXResourcesBuildPhase;
			buildActionMask = 2147483647;
			files = (
				B64263171EE3D7D3003BC454 /* LaunchScreen.storyboard in Resources */,
				B68826251EE3D8E70002F2D4 /* GoogleService-Info.plist in Resources */,
				B64263141EE3D7D3003BC454 /* Assets.xcassets in Resources */,
				B64263121EE3D7D3003BC454 /* Main.storyboard in Resources */,
			);
			runOnlyForDeploymentPostprocessing = 0;
		};
/* End PBXResourcesBuildPhase section */

/* Begin PBXShellScriptBuildPhase section */
		2B26E3F09748AA0A926B98BE /* [CP] Copy Pods Resources */ = {
			isa = PBXShellScriptBuildPhase;
			buildActionMask = 2147483647;
			files = (
			);
			inputPaths = (
			);
			name = "[CP] Copy Pods Resources";
			outputPaths = (
			);
			runOnlyForDeploymentPostprocessing = 0;
			shellPath = /bin/sh;
			shellScript = "\"${SRCROOT}/Pods/Target Support Files/Pods-TSG_fireFun/Pods-TSG_fireFun-resources.sh\"\n";
			showEnvVarsInLog = 0;
		};
		ACB04089492D0EA25E0F2448 /* [CP] Embed Pods Frameworks */ = {
			isa = PBXShellScriptBuildPhase;
			buildActionMask = 2147483647;
			files = (
			);
			inputPaths = (
			);
			name = "[CP] Embed Pods Frameworks";
			outputPaths = (
			);
			runOnlyForDeploymentPostprocessing = 0;
			shellPath = /bin/sh;
			shellScript = "\"${SRCROOT}/Pods/Target Support Files/Pods-TSG_fireFun/Pods-TSG_fireFun-frameworks.sh\"\n";
			showEnvVarsInLog = 0;
		};
		DD12FC6C0A1ECD0006EC283F /* [CP] Check Pods Manifest.lock */ = {
			isa = PBXShellScriptBuildPhase;
			buildActionMask = 2147483647;
			files = (
			);
			inputPaths = (
			);
			name = "[CP] Check Pods Manifest.lock";
			outputPaths = (
			);
			runOnlyForDeploymentPostprocessing = 0;
			shellPath = /bin/sh;
			shellScript = "diff \"${PODS_PODFILE_DIR_PATH}/Podfile.lock\" \"${PODS_ROOT}/Manifest.lock\" > /dev/null\nif [ $? != 0 ] ; then\n    # print error to STDERR\n    echo \"error: The sandbox is not in sync with the Podfile.lock. Run 'pod install' or update your CocoaPods installation.\" >&2\n    exit 1\nfi\n";
			showEnvVarsInLog = 0;
		};
/* End PBXShellScriptBuildPhase section */

/* Begin PBXSourcesBuildPhase section */
		B64263051EE3D7D3003BC454 /* Sources */ = {
			isa = PBXSourcesBuildPhase;
			buildActionMask = 2147483647;
			files = (
				B642630F1EE3D7D3003BC454 /* ViewController.swift in Sources */,
				B642630D1EE3D7D3003BC454 /* AppDelegate.swift in Sources */,
				B66C2EAA1EED668D00155121 /* DesignableButton.swift in Sources */,
			);
			runOnlyForDeploymentPostprocessing = 0;
		};
/* End PBXSourcesBuildPhase section */

/* Begin PBXVariantGroup section */
		B64263101EE3D7D3003BC454 /* Main.storyboard */ = {
			isa = PBXVariantGroup;
			children = (
				B64263111EE3D7D3003BC454 /* Base */,
			);
			name = Main.storyboard;
			sourceTree = "<group>";
		};
		B64263151EE3D7D3003BC454 /* LaunchScreen.storyboard */ = {
			isa = PBXVariantGroup;
			children = (
				B64263161EE3D7D3003BC454 /* Base */,
			);
			name = LaunchScreen.storyboard;
			sourceTree = "<group>";
		};
/* End PBXVariantGroup section */

/* Begin XCBuildConfiguration section */
		B64263191EE3D7D3003BC454 /* Debug */ = {
			isa = XCBuildConfiguration;
			buildSettings = {
				ALWAYS_SEARCH_USER_PATHS = NO;
				CLANG_ANALYZER_NONNULL = YES;
				CLANG_ANALYZER_NUMBER_OBJECT_CONVERSION = YES_AGGRESSIVE;
				CLANG_CXX_LANGUAGE_STANDARD = "gnu++0x";
				CLANG_CXX_LIBRARY = "libc++";
				CLANG_ENABLE_MODULES = YES;
				CLANG_ENABLE_OBJC_ARC = YES;
				CLANG_WARN_BOOL_CONVERSION = YES;
				CLANG_WARN_CONSTANT_CONVERSION = YES;
				CLANG_WARN_DIRECT_OBJC_ISA_USAGE = YES_ERROR;
				CLANG_WARN_DOCUMENTATION_COMMENTS = YES;
				CLANG_WARN_EMPTY_BODY = YES;
				CLANG_WARN_ENUM_CONVERSION = YES;
				CLANG_WARN_INFINITE_RECURSION = YES;
				CLANG_WARN_INT_CONVERSION = YES;
				CLANG_WARN_OBJC_ROOT_CLASS = YES_ERROR;
				CLANG_WARN_SUSPICIOUS_MOVE = YES;
				CLANG_WARN_UNREACHABLE_CODE = YES;
				CLANG_WARN__DUPLICATE_METHOD_MATCH = YES;
				"CODE_SIGN_IDENTITY[sdk=iphoneos*]" = "iPhone Developer";
				COPY_PHASE_STRIP = NO;
				DEBUG_INFORMATION_FORMAT = dwarf;
				ENABLE_STRICT_OBJC_MSGSEND = YES;
				ENABLE_TESTABILITY = YES;
				GCC_C_LANGUAGE_STANDARD = gnu99;
				GCC_DYNAMIC_NO_PIC = NO;
				GCC_NO_COMMON_BLOCKS = YES;
				GCC_OPTIMIZATION_LEVEL = 0;
				GCC_PREPROCESSOR_DEFINITIONS = (
					"DEBUG=1",
					"$(inherited)",
				);
				GCC_WARN_64_TO_32_BIT_CONVERSION = YES;
				GCC_WARN_ABOUT_RETURN_TYPE = YES_ERROR;
				GCC_WARN_UNDECLARED_SELECTOR = YES;
				GCC_WARN_UNINITIALIZED_AUTOS = YES_AGGRESSIVE;
				GCC_WARN_UNUSED_FUNCTION = YES;
				GCC_WARN_UNUSED_VARIABLE = YES;
				IPHONEOS_DEPLOYMENT_TARGET = 10.3;
				MTL_ENABLE_DEBUG_INFO = YES;
				ONLY_ACTIVE_ARCH = YES;
				SDKROOT = iphoneos;
				SWIFT_ACTIVE_COMPILATION_CONDITIONS = DEBUG;
				SWIFT_OPTIMIZATION_LEVEL = "-Onone";
				TARGETED_DEVICE_FAMILY = "1,2";
			};
			name = Debug;
		};
		B642631A1EE3D7D3003BC454 /* Release */ = {
			isa = XCBuildConfiguration;
			buildSettings = {
				ALWAYS_SEARCH_USER_PATHS = NO;
				CLANG_ANALYZER_NONNULL = YES;
				CLANG_ANALYZER_NUMBER_OBJECT_CONVERSION = YES_AGGRESSIVE;
				CLANG_CXX_LANGUAGE_STANDARD = "gnu++0x";
				CLANG_CXX_LIBRARY = "libc++";
				CLANG_ENABLE_MODULES = YES;
				CLANG_ENABLE_OBJC_ARC = YES;
				CLANG_WARN_BOOL_CONVERSION = YES;
				CLANG_WARN_CONSTANT_CONVERSION = YES;
				CLANG_WARN_DIRECT_OBJC_ISA_USAGE = YES_ERROR;
				CLANG_WARN_DOCUMENTATION_COMMENTS = YES;
				CLANG_WARN_EMPTY_BODY = YES;
				CLANG_WARN_ENUM_CONVERSION = YES;
				CLANG_WARN_INFINITE_RECURSION = YES;
				CLANG_WARN_INT_CONVERSION = YES;
				CLANG_WARN_OBJC_ROOT_CLASS = YES_ERROR;
				CLANG_WARN_SUSPICIOUS_MOVE = YES;
				CLANG_WARN_UNREACHABLE_CODE = YES;
				CLANG_WARN__DUPLICATE_METHOD_MATCH = YES;
				"CODE_SIGN_IDENTITY[sdk=iphoneos*]" = "iPhone Developer";
				COPY_PHASE_STRIP = NO;
				DEBUG_INFORMATION_FORMAT = "dwarf-with-dsym";
				ENABLE_NS_ASSERTIONS = NO;
				ENABLE_STRICT_OBJC_MSGSEND = YES;
				GCC_C_LANGUAGE_STANDARD = gnu99;
				GCC_NO_COMMON_BLOCKS = YES;
				GCC_WARN_64_TO_32_BIT_CONVERSION = YES;
				GCC_WARN_ABOUT_RETURN_TYPE = YES_ERROR;
				GCC_WARN_UNDECLARED_SELECTOR = YES;
				GCC_WARN_UNINITIALIZED_AUTOS = YES_AGGRESSIVE;
				GCC_WARN_UNUSED_FUNCTION = YES;
				GCC_WARN_UNUSED_VARIABLE = YES;
				IPHONEOS_DEPLOYMENT_TARGET = 10.3;
				MTL_ENABLE_DEBUG_INFO = NO;
				SDKROOT = iphoneos;
				SWIFT_OPTIMIZATION_LEVEL = "-Owholemodule";
				TARGETED_DEVICE_FAMILY = "1,2";
				VALIDATE_PRODUCT = YES;
			};
			name = Release;
		};
		B642631C1EE3D7D3003BC454 /* Debug */ = {
			isa = XCBuildConfiguration;
			baseConfigurationReference = FB076B8C467239565F2BC737 /* Pods-TSG_fireFun.debug.xcconfig */;
			buildSettings = {
				ASSETCATALOG_COMPILER_APPICON_NAME = AppIcon;
				DEVELOPMENT_TEAM = LGG4PHM8YL;
				INFOPLIST_FILE = TSG_fireFun/Info.plist;
				LD_RUNPATH_SEARCH_PATHS = "$(inherited) @executable_path/Frameworks";
				PRODUCT_BUNDLE_IDENTIFIER = "com.hi-yuki.TSG-fireFun";
				PRODUCT_NAME = "$(TARGET_NAME)";
				SWIFT_VERSION = 3.0;
			};
			name = Debug;
		};
		B642631D1EE3D7D3003BC454 /* Release */ = {
			isa = XCBuildConfiguration;
			baseConfigurationReference = D4628170BB43FDADAB5C5CDE /* Pods-TSG_fireFun.release.xcconfig */;
			buildSettings = {
				ASSETCATALOG_COMPILER_APPICON_NAME = AppIcon;
				DEVELOPMENT_TEAM = LGG4PHM8YL;
				INFOPLIST_FILE = TSG_fireFun/Info.plist;
				LD_RUNPATH_SEARCH_PATHS = "$(inherited) @executable_path/Frameworks";
				PRODUCT_BUNDLE_IDENTIFIER = "com.hi-yuki.TSG-fireFun";
				PRODUCT_NAME = "$(TARGET_NAME)";
				SWIFT_VERSION = 3.0;
			};
			name = Release;
		};
/* End XCBuildConfiguration section */

/* Begin XCConfigurationList section */
		B64263041EE3D7D3003BC454 /* Build configuration list for PBXProject "TSG_fireFun" */ = {
			isa = XCConfigurationList;
			buildConfigurations = (
				B64263191EE3D7D3003BC454 /* Debug */,
				B642631A1EE3D7D3003BC454 /* Release */,
			);
			defaultConfigurationIsVisible = 0;
			defaultConfigurationName = Release;
		};
		B642631B1EE3D7D3003BC454 /* Build configuration list for PBXNativeTarget "TSG_fireFun" */ = {
			isa = XCConfigurationList;
			buildConfigurations = (
				B642631C1EE3D7D3003BC454 /* Debug */,
				B642631D1EE3D7D3003BC454 /* Release */,
			);
			defaultConfigurationIsVisible = 0;
			defaultConfigurationName = Release;
		};
/* End XCConfigurationList section */
	};
	rootObject = B64263011EE3D7D3003BC454 /* Project object */;
}
